lockfileVersion: '9.0'

settings:
  autoInstallPeers: true
  excludeLinksFromLockfile: false

importers:

  .:
    dependencies:
      '@signpdf/placeholder-pdf-lib':
        specifier: 3.3.0
        version: 3.3.0(pdf-lib@1.17.1)
      '@signpdf/signpdf':
        specifier: 3.3.0
        version: 3.3.0
      pdf-lib:
        specifier: 1.17.1
        version: 1.17.1
    devDependencies:
      '@types/node':
        specifier: 25.5.0
        version: 25.5.0
      typescript:
        specifier: 6.0.2
        version: 6.0.2

packages:

  '@pdf-lib/standard-fonts@1.0.0':
    resolution: {integrity: sha512-hU30BK9IUN/su0Mn9VdlVKsWBS6GyhVfqjwl1FjZN4TxP6cCw0jP2w7V3Hf5uX7M0AZJ16vey9yE0ny7Sa59ZA==}

  '@pdf-lib/upng@1.0.1':
    resolution: {integrity: sha512-dQK2FUMQtowVP00mtIksrlZhdFXQZPC+taih1q4CvPZ5vqdxR/LKBaFg0oAfzd1GlHZXXSPdQfzQnt+ViGvEIQ==}

  '@signpdf/placeholder-pdf-lib@3.3.0':
    resolution: {integrity: sha512-DT1s617z88NvvCmo+z8jaz7lNzy7b7/fwo/movJGukpfSkl4FaLNRXIHNBCTRCP9TUb6F/axK1JulES/jY7mLQ==}
    engines: {node: '>=12', yarn: '>=1.22.18'}
    peerDependencies:
      pdf-lib: ^1.17.1

  '@signpdf/signpdf@3.3.0':
    resolution: {integrity: sha512-/vy3dPTsTbLHdsKRarPQw8++UqN8GXxjEVnl4ZRl+o/zMWFqVb861RM5bxoRMGGMuPSvb1Rgt2lmVobEc0YUpw==}
    engines: {node: '>=12'}

  '@signpdf/utils@3.3.0':
    resolution: {integrity: sha512-ArOP0MIhCfdChh1oZkog81TPeSY2e5TvHQmXJ682T4+SKb6Z609uAZhqMQZ9xm+YenEf/eNMSE5KVwU+EudXug==}
    engines: {node: '>=12', yarn: '>=1.22.18'}

  '@types/node@25.5.0':
    resolution: {integrity: sha512-jp2P3tQMSxWugkCUKLRPVUpGaL5MVFwF8RDuSRztfwgN1wmqJeMSbKlnEtQqU8UrhTmzEmZdu2I6v2dpp7XIxw==}

  pako@1.0.11:
    resolution: {integrity: sha512-4hLB8Py4zZce5s4yd9XzopqwVv/yGNhV1Bl8NTmCq1763HeK2+EwVTv+leGeL13Dnh2wfbqowVPXCIO0z4taYw==}

  pdf-lib@1.17.1:
    resolution: {integrity: sha512-V/mpyJAoTsN4cnP31vc0wfNA1+p20evqqnap0KLoRUN0Yk/p3wN52DOEsL4oBFcLdb76hlpKPtzJIgo67j/XLw==}

  tslib@1.14.1:
    resolution: {integrity: sha512-Xni35NKzjgMrwevysHTCArtLDpPvye8zV/0E4EyYn43P7/7qvQwPh9BGkHewbMulVntbigmcT7rdX3BNo9wRJg==}

  typescript@6.0.2:
    resolution: {integrity: sha512-bGdAIrZ0wiGDo5l8c++HWtbaNCWTS4UTv7RaTH/ThVIgjkveJt83m74bBHMJkuCbslY8ixgLBVZJIOiQlQTjfQ==}
    engines: {node: '>=14.17'}
    hasBin: true

  undici-types@7.18.2:
    resolution: {integrity: sha512-AsuCzffGHJybSaRrmr5eHr81mwJU3kjw6M+uprWvCXiNeN9SOGwQ3Jn8jb8m3Z6izVgknn1R0FTCEAP2QrLY/w==}

snapshots:

  '@pdf-lib/standard-fonts@1.0.0':
    dependencies:
      pako: 1.0.11

  '@pdf-lib/upng@1.0.1':
    dependencies:
      pako: 1.0.11

  '@signpdf/placeholder-pdf-lib@3.3.0(pdf-lib@1.17.1)':
    dependencies:
      '@signpdf/utils': 3.3.0
      pdf-lib: 1.17.1

  '@signpdf/signpdf@3.3.0':
    dependencies:
      '@signpdf/utils': 3.3.0

  '@signpdf/utils@3.3.0': {}

  '@types/node@25.5.0':
    dependencies:
      undici-types: 7.18.2

  pako@1.0.11: {}

  pdf-lib@1.17.1:
    dependencies:
      '@pdf-lib/standard-fonts': 1.0.0
      '@pdf-lib/upng': 1.0.1
      pako: 1.0.11
      tslib: 1.14.1

  tslib@1.14.1: {}

  typescript@6.0.2: {}

  undici-types@7.18.2: {}
